
Microsoft Visual Studio Solution File, Format Version 12.00
# Visual Studio Version 16
VisualStudioVersion = 16.0.29509.3
MinimumVisualStudioVersion = 10.0.40219.1
Project("{FAE04EC0-301F-11D3-BF4B-00C04F79EFBC}") = "heroApi", "heroApi\heroApi.csproj", "{5B0F7CBF-B322-4F2F-A78A-A63D92DA8E5A}"
EndProject
Global
	GlobalSection(SolutionConfigurationPlatforms) = preSolution
		Debug|Any CPU = Debug|Any CPU
		Release|Any CPU = Release|Any CPU
	EndGlobalSection
	GlobalSection(ProjectConfigurationPlatforms) = postSolution
		{5B0F7CBF-B322-4F2F-A78A-A63D92DA8E5A}.Debug|Any CPU.ActiveCfg = Debug|Any CPU
		{5B0F7CBF-B322-4F2F-A78A-A63D92DA8E5A}.Debug|Any CPU.Build.0 = Debug|Any CPU
		{5B0F7CBF-B322-4F2F-A78A-A63D92DA8E5A}.Release|Any CPU.ActiveCfg = Release|Any CPU
		{5B0F7CBF-B322-4F2F-A78A-A63D92DA8E5A}.Release|Any CPU.Build.0 = Release|Any CPU
	EndGlobalSection
	GlobalSection(SolutionProperties) = preSolution
		HideSolutionNode = FALSE
	EndGlobalSection
	GlobalSection(ExtensibilityGlobals) = postSolution
		SolutionGuid = {B4383448-B904-46D9-8289-9920A3797A6C}
	EndGlobalSection
EndGlobal
